
Microsoft Visual Studio Solution File, Format Version 12.00
# Visual Studio Version 17
VisualStudioVersion = 17.4.33213.308
MinimumVisualStudioVersion = 10.0.40219.1
Project("{FAE04EC0-301F-11D3-BF4B-00C04F79EFBC}") = "LINQ", "LINQ\LINQ.csproj", "{76D77B3A-86E9-484C-BAB8-54E4A1A2061D}"
EndProject
Global
	GlobalSection(SolutionConfigurationPlatforms) = preSolution
		Debug|Any CPU = Debug|Any CPU
		Release|Any CPU = Release|Any CPU
	EndGlobalSection
	GlobalSection(ProjectConfigurationPlatforms) = postSolution
		{76D77B3A-86E9-484C-BAB8-54E4A1A2061D}.Debug|Any CPU.ActiveCfg = Debug|Any CPU
		{76D77B3A-86E9-484C-BAB8-54E4A1A2061D}.Debug|Any CPU.Build.0 = Debug|Any CPU
		{76D77B3A-86E9-484C-BAB8-54E4A1A2061D}.Release|Any CPU.ActiveCfg = Release|Any CPU
		{76D77B3A-86E9-484C-BAB8-54E4A1A2061D}.Release|Any CPU.Build.0 = Release|Any CPU
	EndGlobalSection
	GlobalSection(SolutionProperties) = preSolution
		HideSolutionNode = FALSE
	EndGlobalSection
	GlobalSection(ExtensibilityGlobals) = postSolution
		SolutionGuid = {2F43BB16-9DE6-4C55-9C31-778431462B8C}
	EndGlobalSection
EndGlobal
